{
    "_readme": [
        "This file locks the dependencies of your project to a known state",
        "Read more about it at https://getcomposer.org/doc/01-basic-usage.md#installing-dependencies",
        "This file is @generated automatically"
    ],
    "content-hash": "9548c40e6a9c77ec6d0bad7a347a7e16",
    "packages": [
        {
            "name": "doctrine/inflector",
            "version": "2.1.0",
            "source": {
                "type": "git",
                "url": "https://github.com/doctrine/inflector.git",
                "reference": "6d6c96277ea252fc1304627204c3d5e6e15faa3b"
            },
            "dist": {
                "type": "zip",
                "url": "https://api.github.com/repos/doctrine/inflector/zipball/6d6c96277ea252fc1304627204c3d5e6e15faa3b",
                "reference": "6d6c96277ea252fc1304627204c3d5e6e15faa3b",
                "shasum": ""
            },
            "require": {
                "php": "^7.2 || ^8.0"
            },
            "require-dev": {
                "doctrine/coding-standard": "^12.0 || ^13.0",
                "phpstan/phpstan": "^1.12 || ^2.0",
                "phpstan/phpstan-phpunit": "^1.4 || ^2.0",
                "phpstan/phpstan-strict-rules": "^1.6 || ^2.0",
                "phpunit/phpunit": "^8.5 || ^12.2"
            },
            "type": "library",
            "autoload": {
                "psr-4": {
                    "Doctrine\\Inflector\\": "src"
                }
            },
            "notification-url": "https://packagist.org/downloads/",
            "license": [
                "MIT"
            ],
            "authors": [
                {
                    "name": "Guilherme Blanco",
                    "email": "guilhermeblanco@gmail.com"
                },
                {
                    "name": "Roman Borschel",
                    "email": "roman@code-factory.org"
                },
                {
                    "name": "Benjamin Eberlei",
                    "email": "kontakt@beberlei.de"
                },
                {
                    "name": "Jonathan Wage",
                    "email": "jonwage@gmail.com"
                },
                {
                    "name": "Johannes Schmitt",
                    "email": "schmittjoh@gmail.com"
                }
            ],
            "description": "PHP Doctrine Inflector is a small library that can perform string manipulations with regard to upper/lowercase and singular/plural forms of words.",
            "homepage": "https://www.doctrine-project.org/projects/inflector.html",
            "keywords": [
                "inflection",
                "inflector",
                "lowercase",
                "manipulation",
                "php",
                "plural",
                "singular",
                "strings",
                "uppercase",
                "words"
            ],
            "support": {
                "issues": "https://github.com/doctrine/inflector/issues",
                "source": "https://github.com/doctrine/inflector/tree/2.1.0"
            },
            "funding": [
                {
                    "url": "https://www.doctrine-project.org/sponsorship.html",
                    "type": "custom"
                },
                {
                    "url": "https://www.patreon.com/phpdoctrine",
                    "type": "patreon"
                },
                {
                    "url": "https://tidelift.com/funding/github/packagist/doctrine%2Finflector",
                    "type": "tidelift"
                }
            ],
            "time": "2025-08-10T19:31:58+00:00"
        },
        {
            "name": "tinymvc/tinycore",
            "version": "v4.0.7",
            "source": {
                "type": "git",
                "url": "https://github.com/tinymvc/tinycore.git",
                "reference": "0100cc2ba7878ba785d34d5984b4c38bb90f1332"
            },
            "dist": {
                "type": "zip",
                "url": "https://api.github.com/repos/tinymvc/tinycore/zipball/0100cc2ba7878ba785d34d5984b4c38bb90f1332",
                "reference": "0100cc2ba7878ba785d34d5984b4c38bb90f1332",
                "shasum": ""
            },
            "require": {
                "doctrine/inflector": "^2.0",
                "php": ">=8.2"
            },
            "suggest": {
                "doctrine/inflector": "Required to use Str::plural() and Stringable::plural() (^2.0).",
                "ext-curl": "Required for the HTTP client and S3 disks.",
                "ext-fileinfo": "Required for upload and file MIME detection.",
                "ext-gd": "Required for image manipulation.",
                "ext-pdo_sqlite": "Required when the database connection uses SQLite.",
                "ext-redis": "Required for Redis cache, lock, session, and queue drivers.",
                "ext-simplexml": "Required for listing and copying files on S3-compatible disks.",
                "league/commonmark": "Required to use Str::markdown() and Stringable::markdown() (^2.6).",
                "phpmailer/phpmailer": "Required for the Mail utility and Mail facade (^6.9).",
                "ramsey/uuid": "Required to use Str::uuid() (^4.7).",
                "voku/portable-ascii": "Required for Str::ascii(), Str::slug(), Str::isAscii(), and ASCII validation rules (^2.0)."
            },
            "type": "library",
            "autoload": {
                "files": [
                    "./src/Foundation/helpers.php",
                    "./src/Support/functions.php",
                    "./src/Support/helpers.php"
                ],
                "psr-4": {
                    "Spark\\": "src/"
                }
            },
            "notification-url": "https://packagist.org/downloads/",
            "license": [
                "MIT"
            ],
            "authors": [
                {
                    "name": "Shahin Moyshan",
                    "email": "shahin.moyshan2@gmail.com"
                }
            ],
            "description": "Core Classes of TinyMVC Framework",
            "support": {
                "issues": "https://github.com/tinymvc/tinycore/issues",
                "source": "https://github.com/tinymvc/tinycore/tree/v4.0.7"
            },
            "time": "2026-10-04T04:30:39+00:00"
        }
    ],
    "packages-dev": [],
    "aliases": [],
    "minimum-stability": "stable",
    "stability-flags": {},
    "prefer-stable": false,
    "prefer-lowest": false,
    "platform": {
        "php": "^8.2"
    },
    "platform-dev": {},
    "plugin-api-version": "2.9.0"
}
